// !$*UTF8*$!
{
	archiveVersion = 1;
	classes = {
	};
	objectVersion = 50;
	objects = {

/* Begin PBXBuildFile section */
		D95B5C6C1713B9B61614C8A0 /* libPods-YoChat.a in Frameworks */ = {isa = PBXBuildFile; fileRef = C8D7C0396793F75BDCF24C0A /* libPods-YoChat.a */; };
		E576980D5578B52B5E3389CF /* libPods-YoChatTests.a in Frameworks */ = {isa = PBXBuildFile; fileRef = A5A702DE2405DB122EE45103 /* libPods-YoChatTests.a */; };
		F32710C524CE25CD0048B07D /* MessageView.swift in Sources */ = {isa = PBXBuildFile; fileRef = F32710C324CE25CC0048B07D /* MessageView.swift */; };
		F32710C624CE25CD0048B07D /* LoadingView.swift in Sources */ = {isa = PBXBuildFile; fileRef = F32710C424CE25CC0048B07D /* LoadingView.swift */; };
		F32710C824CE3B100048B07D /* User.swift in Sources */ = {isa = PBXBuildFile; fileRef = F32710C724CE3B100048B07D /* User.swift */; };
		F32710CA24CE3BA90048B07D /* EnrolmentViewModel.swift in Sources */ = {isa = PBXBuildFile; fileRef = F32710C924CE3BA90048B07D /* EnrolmentViewModel.swift */; };
		F32710CC24CEF3750048B07D /* EnrolmentViewController.swift in Sources */ = {isa = PBXBuildFile; fileRef = F32710CB24CEF3750048B07D /* EnrolmentViewController.swift */; };
		F32710CF24CF000C0048B07D /* BiometricAuth.swift in Sources */ = {isa = PBXBuildFile; fileRef = F32710CD24CF000C0048B07D /* BiometricAuth.swift */; };
		F32710D024CF000C0048B07D /* KeyChainSecurity.swift in Sources */ = {isa = PBXBuildFile; fileRef = F32710CE24CF000C0048B07D /* KeyChainSecurity.swift */; };
		F32710D224CF02130048B07D /* Data+AES.swift in Sources */ = {isa = PBXBuildFile; fileRef = F32710D124CF02130048B07D /* Data+AES.swift */; };
		F36899F524CC6C30009ECA9A /* AppDelegate.swift in Sources */ = {isa = PBXBuildFile; fileRef = F36899F424CC6C30009ECA9A /* AppDelegate.swift */; };
		F36899F724CC6C30009ECA9A /* SceneDelegate.swift in Sources */ = {isa = PBXBuildFile; fileRef = F36899F624CC6C30009ECA9A /* SceneDelegate.swift */; };
		F36899F924CC6C30009ECA9A /* ChatsViewController.swift in Sources */ = {isa = PBXBuildFile; fileRef = F36899F824CC6C30009ECA9A /* ChatsViewController.swift */; };
		F36899FC24CC6C30009ECA9A /* Main.storyboard in Resources */ = {isa = PBXBuildFile; fileRef = F36899FA24CC6C30009ECA9A /* Main.storyboard */; };
		F36899FE24CC6C35009ECA9A /* Assets.xcassets in Resources */ = {isa = PBXBuildFile; fileRef = F36899FD24CC6C35009ECA9A /* Assets.xcassets */; };
		F3689A0124CC6C35009ECA9A /* LaunchScreen.storyboard in Resources */ = {isa = PBXBuildFile; fileRef = F36899FF24CC6C35009ECA9A /* LaunchScreen.storyboard */; };
		F3689A0C24CC6C35009ECA9A /* YoChatTests.swift in Sources */ = {isa = PBXBuildFile; fileRef = F3689A0B24CC6C35009ECA9A /* YoChatTests.swift */; };
		F3689A1D24CC70AE009ECA9A /* ChatItem.swift in Sources */ = {isa = PBXBuildFile; fileRef = F3689A1C24CC70AE009ECA9A /* ChatItem.swift */; };
		F3689A1F24CC7AF8009ECA9A /* Chat.swift in Sources */ = {isa = PBXBuildFile; fileRef = F3689A1E24CC7AF8009ECA9A /* Chat.swift */; };
		F3689A2324CC898A009ECA9A /* ChatContact.swift in Sources */ = {isa = PBXBuildFile; fileRef = F3689A2224CC898A009ECA9A /* ChatContact.swift */; };
		F3689A2524CC8FDE009ECA9A /* Colours.xcassets in Resources */ = {isa = PBXBuildFile; fileRef = F3689A2424CC8FDE009ECA9A /* Colours.xcassets */; };
		F3689A2724CCC2E7009ECA9A /* LaunchViewController.swift in Sources */ = {isa = PBXBuildFile; fileRef = F3689A2624CCC2E7009ECA9A /* LaunchViewController.swift */; };
		F3689A2924CCC4AE009ECA9A /* MainTabNavigationController.swift in Sources */ = {isa = PBXBuildFile; fileRef = F3689A2824CCC4AE009ECA9A /* MainTabNavigationController.swift */; };
		F3689A2B24CCC6B6009ECA9A /* ChatViewController.swift in Sources */ = {isa = PBXBuildFile; fileRef = F3689A2A24CCC6B6009ECA9A /* ChatViewController.swift */; };
		F3689A2E24CCCC5F009ECA9A /* ChatTableViewCell.swift in Sources */ = {isa = PBXBuildFile; fileRef = F3689A2D24CCCC5F009ECA9A /* ChatTableViewCell.swift */; };
		F3689A3024CCE261009ECA9A /* ChatItemImageTableViewCell.swift in Sources */ = {isa = PBXBuildFile; fileRef = F3689A2F24CCE261009ECA9A /* ChatItemImageTableViewCell.swift */; };
		F3689A3224CCE2C4009ECA9A /* ChatItemTableViewCell.swift in Sources */ = {isa = PBXBuildFile; fileRef = F3689A3124CCE2C4009ECA9A /* ChatItemTableViewCell.swift */; };
		F3689A3424CCE404009ECA9A /* ChatsViewModel.swift in Sources */ = {isa = PBXBuildFile; fileRef = F3689A3324CCE404009ECA9A /* ChatsViewModel.swift */; };
		F3689A3A24CCE5C1009ECA9A /* Date+String.swift in Sources */ = {isa = PBXBuildFile; fileRef = F3689A3624CCE5C1009ECA9A /* Date+String.swift */; };
		F3689A3B24CCE5C1009ECA9A /* Encodable+Any.swift in Sources */ = {isa = PBXBuildFile; fileRef = F3689A3724CCE5C1009ECA9A /* Encodable+Any.swift */; };
		F3689A3C24CCE5C1009ECA9A /* UIApplication+RootView.swift in Sources */ = {isa = PBXBuildFile; fileRef = F3689A3824CCE5C1009ECA9A /* UIApplication+RootView.swift */; };
		F3689A3D24CCE5C1009ECA9A /* Decodable+Any.swift in Sources */ = {isa = PBXBuildFile; fileRef = F3689A3924CCE5C1009ECA9A /* Decodable+Any.swift */; };
		F3689A3F24CCE703009ECA9A /* Constants.swift in Sources */ = {isa = PBXBuildFile; fileRef = F3689A3E24CCE703009ECA9A /* Constants.swift */; };
		F3689A4124CCEEFB009ECA9A /* AppContainer.swift in Sources */ = {isa = PBXBuildFile; fileRef = F3689A4024CCEEFB009ECA9A /* AppContainer.swift */; };
		F3689A4324CDCF29009ECA9A /* TableView+BottomScroll.swift in Sources */ = {isa = PBXBuildFile; fileRef = F3689A4224CDCF29009ECA9A /* TableView+BottomScroll.swift */; };
		F3689A4524CDF2B9009ECA9A /* KeyboardManagedViewController.swift in Sources */ = {isa = PBXBuildFile; fileRef = F3689A4424CDF2B9009ECA9A /* KeyboardManagedViewController.swift */; };
/* End PBXBuildFile section */

/* Begin PBXContainerItemProxy section */
		F3689A0824CC6C35009ECA9A /* PBXContainerItemProxy */ = {
			isa = PBXContainerItemProxy;
			containerPortal = F36899E924CC6C30009ECA9A /* Project object */;
			proxyType = 1;
			remoteGlobalIDString = F36899F024CC6C30009ECA9A;
			remoteInfo = YoChat;
		};
/* End PBXContainerItemProxy section */

/* Begin PBXFileReference section */
		305AF59F2A183316F82E69FA /* Pods-YoChatTests.debug.xcconfig */ = {isa = PBXFileReference; includeInIndex = 1; lastKnownFileType = text.xcconfig; name = "Pods-YoChatTests.debug.xcconfig"; path = "Target Support Files/Pods-YoChatTests/Pods-YoChatTests.debug.xcconfig"; sourceTree = "<group>"; };
		7DEF9BF36387FA957E42B722 /* Pods-YoChat.release.xcconfig */ = {isa = PBXFileReference; includeInIndex = 1; lastKnownFileType = text.xcconfig; name = "Pods-YoChat.release.xcconfig"; path = "Target Support Files/Pods-YoChat/Pods-YoChat.release.xcconfig"; sourceTree = "<group>"; };
		829E1FA9AF8C5AE5BB4640FE /* Pods-YoChat.debug.xcconfig */ = {isa = PBXFileReference; includeInIndex = 1; lastKnownFileType = text.xcconfig; name = "Pods-YoChat.debug.xcconfig"; path = "Target Support Files/Pods-YoChat/Pods-YoChat.debug.xcconfig"; sourceTree = "<group>"; };
		A5A702DE2405DB122EE45103 /* libPods-YoChatTests.a */ = {isa = PBXFileReference; explicitFileType = archive.ar; includeInIndex = 0; path = "libPods-YoChatTests.a"; sourceTree = BUILT_PRODUCTS_DIR; };
		C8D7C0396793F75BDCF24C0A /* libPods-YoChat.a */ = {isa = PBXFileReference; explicitFileType = archive.ar; includeInIndex = 0; path = "libPods-YoChat.a"; sourceTree = BUILT_PRODUCTS_DIR; };
		F32710C324CE25CC0048B07D /* MessageView.swift */ = {isa = PBXFileReference; fileEncoding = 4; lastKnownFileType = sourcecode.swift; path = MessageView.swift; sourceTree = "<group>"; };
		F32710C424CE25CC0048B07D /* LoadingView.swift */ = {isa = PBXFileReference; fileEncoding = 4; lastKnownFileType = sourcecode.swift; path = LoadingView.swift; sourceTree = "<group>"; };
		F32710C724CE3B100048B07D /* User.swift */ = {isa = PBXFileReference; lastKnownFileType = sourcecode.swift; path = User.swift; sourceTree = "<group>"; };
		F32710C924CE3BA90048B07D /* EnrolmentViewModel.swift */ = {isa = PBXFileReference; lastKnownFileType = sourcecode.swift; path = EnrolmentViewModel.swift; sourceTree = "<group>"; };
		F32710CB24CEF3750048B07D /* EnrolmentViewController.swift */ = {isa = PBXFileReference; lastKnownFileType = sourcecode.swift; path = EnrolmentViewController.swift; sourceTree = "<group>"; };
		F32710CD24CF000C0048B07D /* BiometricAuth.swift */ = {isa = PBXFileReference; fileEncoding = 4; lastKnownFileType = sourcecode.swift; path = BiometricAuth.swift; sourceTree = "<group>"; };
		F32710CE24CF000C0048B07D /* KeyChainSecurity.swift */ = {isa = PBXFileReference; fileEncoding = 4; lastKnownFileType = sourcecode.swift; path = KeyChainSecurity.swift; sourceTree = "<group>"; };
		F32710D124CF02130048B07D /* Data+AES.swift */ = {isa = PBXFileReference; fileEncoding = 4; lastKnownFileType = sourcecode.swift; path = "Data+AES.swift"; sourceTree = "<group>"; };
		F36899F124CC6C30009ECA9A /* YoChat.app */ = {isa = PBXFileReference; explicitFileType = wrapper.application; includeInIndex = 0; path = YoChat.app; sourceTree = BUILT_PRODUCTS_DIR; };
		F36899F424CC6C30009ECA9A /* AppDelegate.swift */ = {isa = PBXFileReference; lastKnownFileType = sourcecode.swift; path = AppDelegate.swift; sourceTree = "<group>"; };
		F36899F624CC6C30009ECA9A /* SceneDelegate.swift */ = {isa = PBXFileReference; lastKnownFileType = sourcecode.swift; path = SceneDelegate.swift; sourceTree = "<group>"; };
		F36899F824CC6C30009ECA9A /* ChatsViewController.swift */ = {isa = PBXFileReference; lastKnownFileType = sourcecode.swift; path = ChatsViewController.swift; sourceTree = "<group>"; };
		F36899FB24CC6C30009ECA9A /* Base */ = {isa = PBXFileReference; lastKnownFileType = file.storyboard; name = Base; path = Base.lproj/Main.storyboard; sourceTree = "<group>"; };
		F36899FD24CC6C35009ECA9A /* Assets.xcassets */ = {isa = PBXFileReference; lastKnownFileType = folder.assetcatalog; path = Assets.xcassets; sourceTree = "<group>"; };
		F3689A0024CC6C35009ECA9A /* Base */ = {isa = PBXFileReference; lastKnownFileType = file.storyboard; name = Base; path = Base.lproj/LaunchScreen.storyboard; sourceTree = "<group>"; };
		F3689A0224CC6C35009ECA9A /* Info.plist */ = {isa = PBXFileReference; lastKnownFileType = text.plist.xml; path = Info.plist; sourceTree = "<group>"; };
		F3689A0724CC6C35009ECA9A /* YoChatTests.xctest */ = {isa = PBXFileReference; explicitFileType = wrapper.cfbundle; includeInIndex = 0; path = YoChatTests.xctest; sourceTree = BUILT_PRODUCTS_DIR; };
		F3689A0B24CC6C35009ECA9A /* YoChatTests.swift */ = {isa = PBXFileReference; lastKnownFileType = sourcecode.swift; path = YoChatTests.swift; sourceTree = "<group>"; };
		F3689A0D24CC6C35009ECA9A /* Info.plist */ = {isa = PBXFileReference; lastKnownFileType = text.plist.xml; path = Info.plist; sourceTree = "<group>"; };
		F3689A1C24CC70AE009ECA9A /* ChatItem.swift */ = {isa = PBXFileReference; lastKnownFileType = sourcecode.swift; path = ChatItem.swift; sourceTree = "<group>"; };
		F3689A1E24CC7AF8009ECA9A /* Chat.swift */ = {isa = PBXFileReference; lastKnownFileType = sourcecode.swift; path = Chat.swift; sourceTree = "<group>"; };
		F3689A2224CC898A009ECA9A /* ChatContact.swift */ = {isa = PBXFileReference; lastKnownFileType = sourcecode.swift; path = ChatContact.swift; sourceTree = "<group>"; };
		F3689A2424CC8FDE009ECA9A /* Colours.xcassets */ = {isa = PBXFileReference; lastKnownFileType = folder.assetcatalog; path = Colours.xcassets; sourceTree = "<group>"; };
		F3689A2624CCC2E7009ECA9A /* LaunchViewController.swift */ = {isa = PBXFileReference; lastKnownFileType = sourcecode.swift; path = LaunchViewController.swift; sourceTree = "<group>"; };
		F3689A2824CCC4AE009ECA9A /* MainTabNavigationController.swift */ = {isa = PBXFileReference; lastKnownFileType = sourcecode.swift; path = MainTabNavigationController.swift; sourceTree = "<group>"; };
		F3689A2A24CCC6B6009ECA9A /* ChatViewController.swift */ = {isa = PBXFileReference; lastKnownFileType = sourcecode.swift; path = ChatViewController.swift; sourceTree = "<group>"; };
		F3689A2D24CCCC5F009ECA9A /* ChatTableViewCell.swift */ = {isa = PBXFileReference; lastKnownFileType = sourcecode.swift; path = ChatTableViewCell.swift; sourceTree = "<group>"; };
		F3689A2F24CCE261009ECA9A /* ChatItemImageTableViewCell.swift */ = {isa = PBXFileReference; lastKnownFileType = sourcecode.swift; path = ChatItemImageTableViewCell.swift; sourceTree = "<group>"; };
		F3689A3124CCE2C4009ECA9A /* ChatItemTableViewCell.swift */ = {isa = PBXFileReference; lastKnownFileType = sourcecode.swift; path = ChatItemTableViewCell.swift; sourceTree = "<group>"; };
		F3689A3324CCE404009ECA9A /* ChatsViewModel.swift */ = {isa = PBXFileReference; lastKnownFileType = sourcecode.swift; path = ChatsViewModel.swift; sourceTree = "<group>"; };
		F3689A3624CCE5C1009ECA9A /* Date+String.swift */ = {isa = PBXFileReference; fileEncoding = 4; lastKnownFileType = sourcecode.swift; path = "Date+String.swift"; sourceTree = "<group>"; };
		F3689A3724CCE5C1009ECA9A /* Encodable+Any.swift */ = {isa = PBXFileReference; fileEncoding = 4; lastKnownFileType = sourcecode.swift; path = "Encodable+Any.swift"; sourceTree = "<group>"; };
		F3689A3824CCE5C1009ECA9A /* UIApplication+RootView.swift */ = {isa = PBXFileReference; fileEncoding = 4; lastKnownFileType = sourcecode.swift; path = "UIApplication+RootView.swift"; sourceTree = "<group>"; };
		F3689A3924CCE5C1009ECA9A /* Decodable+Any.swift */ = {isa = PBXFileReference; fileEncoding = 4; lastKnownFileType = sourcecode.swift; path = "Decodable+Any.swift"; sourceTree = "<group>"; };
		F3689A3E24CCE703009ECA9A /* Constants.swift */ = {isa = PBXFileReference; lastKnownFileType = sourcecode.swift; path = Constants.swift; sourceTree = "<group>"; };
		F3689A4024CCEEFB009ECA9A /* AppContainer.swift */ = {isa = PBXFileReference; lastKnownFileType = sourcecode.swift; path = AppContainer.swift; sourceTree = "<group>"; };
		F3689A4224CDCF29009ECA9A /* TableView+BottomScroll.swift */ = {isa = PBXFileReference; lastKnownFileType = sourcecode.swift; path = "TableView+BottomScroll.swift"; sourceTree = "<group>"; };
		F3689A4424CDF2B9009ECA9A /* KeyboardManagedViewController.swift */ = {isa = PBXFileReference; lastKnownFileType = sourcecode.swift; path = KeyboardManagedViewController.swift; sourceTree = "<group>"; };
		F84427995ACE874D9D6229AD /* Pods-YoChatTests.release.xcconfig */ = {isa = PBXFileReference; includeInIndex = 1; lastKnownFileType = text.xcconfig; name = "Pods-YoChatTests.release.xcconfig"; path = "Target Support Files/Pods-YoChatTests/Pods-YoChatTests.release.xcconfig"; sourceTree = "<group>"; };
/* End PBXFileReference section */

/* Begin PBXFrameworksBuildPhase section */
		F36899EE24CC6C30009ECA9A /* Frameworks */ = {
			isa = PBXFrameworksBuildPhase;
			buildActionMask = 2147483647;
			files = (
				D95B5C6C1713B9B61614C8A0 /* libPods-YoChat.a in Frameworks */,
			);
			runOnlyForDeploymentPostprocessing = 0;
		};
		F3689A0424CC6C35009ECA9A /* Frameworks */ = {
			isa = PBXFrameworksBuildPhase;
			buildActionMask = 2147483647;
			files = (
				E576980D5578B52B5E3389CF /* libPods-YoChatTests.a in Frameworks */,
			);
			runOnlyForDeploymentPostprocessing = 0;
		};
/* End PBXFrameworksBuildPhase section */

/* Begin PBXGroup section */
		2437B04E7DEDB10D1AC45B11 /* Pods */ = {
			isa = PBXGroup;
			children = (
				829E1FA9AF8C5AE5BB4640FE /* Pods-YoChat.debug.xcconfig */,
				7DEF9BF36387FA957E42B722 /* Pods-YoChat.release.xcconfig */,
				305AF59F2A183316F82E69FA /* Pods-YoChatTests.debug.xcconfig */,
				F84427995ACE874D9D6229AD /* Pods-YoChatTests.release.xcconfig */,
			);
			path = Pods;
			sourceTree = "<group>";
		};
		D47BC78230CA9E5AE3562228 /* Frameworks */ = {
			isa = PBXGroup;
			children = (
				C8D7C0396793F75BDCF24C0A /* libPods-YoChat.a */,
				A5A702DE2405DB122EE45103 /* libPods-YoChatTests.a */,
			);
			name = Frameworks;
			sourceTree = "<group>";
		};
		F36899E824CC6C30009ECA9A = {
			isa = PBXGroup;
			children = (
				F36899F324CC6C30009ECA9A /* YoChat */,
				F3689A0A24CC6C35009ECA9A /* YoChatTests */,
				F36899F224CC6C30009ECA9A /* Products */,
				2437B04E7DEDB10D1AC45B11 /* Pods */,
				D47BC78230CA9E5AE3562228 /* Frameworks */,
			);
			sourceTree = "<group>";
		};
		F36899F224CC6C30009ECA9A /* Products */ = {
			isa = PBXGroup;
			children = (
				F36899F124CC6C30009ECA9A /* YoChat.app */,
				F3689A0724CC6C35009ECA9A /* YoChatTests.xctest */,
			);
			name = Products;
			sourceTree = "<group>";
		};
		F36899F324CC6C30009ECA9A /* YoChat */ = {
			isa = PBXGroup;
			children = (
				F3689A3524CCE575009ECA9A /* Extensions */,
				F3689A1924CC6D9C009ECA9A /* Views */,
				F3689A1724CC6D3B009ECA9A /* Models */,
				F3689A1624CC6D2C009ECA9A /* ViewModels */,
				F3689A1824CC6D4C009ECA9A /* ViewControllers */,
				F3689A1A24CC6EE8009ECA9A /* Other */,
			);
			path = YoChat;
			sourceTree = "<group>";
		};
		F3689A0A24CC6C35009ECA9A /* YoChatTests */ = {
			isa = PBXGroup;
			children = (
				F3689A0B24CC6C35009ECA9A /* YoChatTests.swift */,
				F3689A0D24CC6C35009ECA9A /* Info.plist */,
			);
			path = YoChatTests;
			sourceTree = "<group>";
		};
		F3689A1624CC6D2C009ECA9A /* ViewModels */ = {
			isa = PBXGroup;
			children = (
				F3689A3324CCE404009ECA9A /* ChatsViewModel.swift */,
				F32710C924CE3BA90048B07D /* EnrolmentViewModel.swift */,
			);
			path = ViewModels;
			sourceTree = "<group>";
		};
		F3689A1724CC6D3B009ECA9A /* Models */ = {
			isa = PBXGroup;
			children = (
				F32710CD24CF000C0048B07D /* BiometricAuth.swift */,
				F32710CE24CF000C0048B07D /* KeyChainSecurity.swift */,
				F3689A1C24CC70AE009ECA9A /* ChatItem.swift */,
				F3689A1E24CC7AF8009ECA9A /* Chat.swift */,
				F3689A2224CC898A009ECA9A /* ChatContact.swift */,
				F3689A3E24CCE703009ECA9A /* Constants.swift */,
				F32710C724CE3B100048B07D /* User.swift */,
			);
			path = Models;
			sourceTree = "<group>";
		};
		F3689A1824CC6D4C009ECA9A /* ViewControllers */ = {
			isa = PBXGroup;
			children = (
				F3689A4424CDF2B9009ECA9A /* KeyboardManagedViewController.swift */,
				F32710CB24CEF3750048B07D /* EnrolmentViewController.swift */,
				F36899F824CC6C30009ECA9A /* ChatsViewController.swift */,
				F3689A2A24CCC6B6009ECA9A /* ChatViewController.swift */,
				F3689A2624CCC2E7009ECA9A /* LaunchViewController.swift */,
				F3689A2824CCC4AE009ECA9A /* MainTabNavigationController.swift */,
			);
			path = ViewControllers;
			sourceTree = "<group>";
		};
		F3689A1924CC6D9C009ECA9A /* Views */ = {
			isa = PBXGroup;
			children = (
				F32710C424CE25CC0048B07D /* LoadingView.swift */,
				F32710C324CE25CC0048B07D /* MessageView.swift */,
				F3689A2C24CCCC3C009ECA9A /* TableView Cells */,
				F3689A1B24CC6FE6009ECA9A /* Storyboards */,
			);
			path = Views;
			sourceTree = "<group>";
		};
		F3689A1A24CC6EE8009ECA9A /* Other */ = {
			isa = PBXGroup;
			children = (
				F36899FD24CC6C35009ECA9A /* Assets.xcassets */,
				F3689A2424CC8FDE009ECA9A /* Colours.xcassets */,
				F3689A4024CCEEFB009ECA9A /* AppContainer.swift */,
				F36899F424CC6C30009ECA9A /* AppDelegate.swift */,
				F36899F624CC6C30009ECA9A /* SceneDelegate.swift */,
				F3689A0224CC6C35009ECA9A /* Info.plist */,
			);
			path = Other;
			sourceTree = "<group>";
		};
		F3689A1B24CC6FE6009ECA9A /* Storyboards */ = {
			isa = PBXGroup;
			children = (
				F36899FF24CC6C35009ECA9A /* LaunchScreen.storyboard */,
				F36899FA24CC6C30009ECA9A /* Main.storyboard */,
			);
			path = Storyboards;
			sourceTree = "<group>";
		};
		F3689A2C24CCCC3C009ECA9A /* TableView Cells */ = {
			isa = PBXGroup;
			children = (
				F3689A2D24CCCC5F009ECA9A /* ChatTableViewCell.swift */,
				F3689A2F24CCE261009ECA9A /* ChatItemImageTableViewCell.swift */,
				F3689A3124CCE2C4009ECA9A /* ChatItemTableViewCell.swift */,
			);
			path = "TableView Cells";
			sourceTree = "<group>";
		};
		F3689A3524CCE575009ECA9A /* Extensions */ = {
			isa = PBXGroup;
			children = (
				F32710D124CF02130048B07D /* Data+AES.swift */,
				F3689A3624CCE5C1009ECA9A /* Date+String.swift */,
				F3689A3924CCE5C1009ECA9A /* Decodable+Any.swift */,
				F3689A3724CCE5C1009ECA9A /* Encodable+Any.swift */,
				F3689A3824CCE5C1009ECA9A /* UIApplication+RootView.swift */,
				F3689A4224CDCF29009ECA9A /* TableView+BottomScroll.swift */,
			);
			path = Extensions;
			sourceTree = "<group>";
		};
/* End PBXGroup section */

/* Begin PBXNativeTarget section */
		F36899F024CC6C30009ECA9A /* YoChat */ = {
			isa = PBXNativeTarget;
			buildConfigurationList = F3689A1024CC6C35009ECA9A /* Build configuration list for PBXNativeTarget "YoChat" */;
			buildPhases = (
				5DB8BBA6331F7DA943451BFB /* [CP] Check Pods Manifest.lock */,
				F36899ED24CC6C30009ECA9A /* Sources */,
				F36899EE24CC6C30009ECA9A /* Frameworks */,
				F36899EF24CC6C30009ECA9A /* Resources */,
			);
			buildRules = (
			);
			dependencies = (
			);
			name = YoChat;
			productName = YoChat;
			productReference = F36899F124CC6C30009ECA9A /* YoChat.app */;
			productType = "com.apple.product-type.application";
		};
		F3689A0624CC6C35009ECA9A /* YoChatTests */ = {
			isa = PBXNativeTarget;
			buildConfigurationList = F3689A1324CC6C35009ECA9A /* Build configuration list for PBXNativeTarget "YoChatTests" */;
			buildPhases = (
				13B81C4DB3C3D57120D5B7CF /* [CP] Check Pods Manifest.lock */,
				F3689A0324CC6C35009ECA9A /* Sources */,
				F3689A0424CC6C35009ECA9A /* Frameworks */,
				F3689A0524CC6C35009ECA9A /* Resources */,
			);
			buildRules = (
			);
			dependencies = (
				F3689A0924CC6C35009ECA9A /* PBXTargetDependency */,
			);
			name = YoChatTests;
			productName = YoChatTests;
			productReference = F3689A0724CC6C35009ECA9A /* YoChatTests.xctest */;
			productType = "com.apple.product-type.bundle.unit-test";
		};
/* End PBXNativeTarget section */

/* Begin PBXProject section */
		F36899E924CC6C30009ECA9A /* Project object */ = {
			isa = PBXProject;
			attributes = {
				LastSwiftUpdateCheck = 1140;
				LastUpgradeCheck = 1140;
				ORGANIZATIONNAME = Xoliswa;
				TargetAttributes = {
					F36899F024CC6C30009ECA9A = {
						CreatedOnToolsVersion = 11.4.1;
					};
					F3689A0624CC6C35009ECA9A = {
						CreatedOnToolsVersion = 11.4.1;
						TestTargetID = F36899F024CC6C30009ECA9A;
					};
				};
			};
			buildConfigurationList = F36899EC24CC6C30009ECA9A /* Build configuration list for PBXProject "YoChat" */;
			compatibilityVersion = "Xcode 9.3";
			developmentRegion = en;
			hasScannedForEncodings = 0;
			knownRegions = (
				en,
				Base,
			);
			mainGroup = F36899E824CC6C30009ECA9A;
			productRefGroup = F36899F224CC6C30009ECA9A /* Products */;
			projectDirPath = "";
			projectRoot = "";
			targets = (
				F36899F024CC6C30009ECA9A /* YoChat */,
				F3689A0624CC6C35009ECA9A /* YoChatTests */,
			);
		};
/* End PBXProject section */

/* Begin PBXResourcesBuildPhase section */
		F36899EF24CC6C30009ECA9A /* Resources */ = {
			isa = PBXResourcesBuildPhase;
			buildActionMask = 2147483647;
			files = (
				F3689A0124CC6C35009ECA9A /* LaunchScreen.storyboard in Resources */,
				F36899FE24CC6C35009ECA9A /* Assets.xcassets in Resources */,
				F36899FC24CC6C30009ECA9A /* Main.storyboard in Resources */,
				F3689A2524CC8FDE009ECA9A /* Colours.xcassets in Resources */,
			);
			runOnlyForDeploymentPostprocessing = 0;
		};
		F3689A0524CC6C35009ECA9A /* Resources */ = {
			isa = PBXResourcesBuildPhase;
			buildActionMask = 2147483647;
			files = (
			);
			runOnlyForDeploymentPostprocessing = 0;
		};
/* End PBXResourcesBuildPhase section */

/* Begin PBXShellScriptBuildPhase section */
		13B81C4DB3C3D57120D5B7CF /* [CP] Check Pods Manifest.lock */ = {
			isa = PBXShellScriptBuildPhase;
			buildActionMask = 2147483647;
			files = (
			);
			inputFileListPaths = (
			);
			inputPaths = (
				"${PODS_PODFILE_DIR_PATH}/Podfile.lock",
				"${PODS_ROOT}/Manifest.lock",
			);
			name = "[CP] Check Pods Manifest.lock";
			outputFileListPaths = (
			);
			outputPaths = (
				"$(DERIVED_FILE_DIR)/Pods-YoChatTests-checkManifestLockResult.txt",
			);
			runOnlyForDeploymentPostprocessing = 0;
			shellPath = /bin/sh;
			shellScript = "diff \"${PODS_PODFILE_DIR_PATH}/Podfile.lock\" \"${PODS_ROOT}/Manifest.lock\" > /dev/null\nif [ $? != 0 ] ; then\n    # print error to STDERR\n    echo \"error: The sandbox is not in sync with the Podfile.lock. Run 'pod install' or update your CocoaPods installation.\" >&2\n    exit 1\nfi\n# This output is used by Xcode 'outputs' to avoid re-running this script phase.\necho \"SUCCESS\" > \"${SCRIPT_OUTPUT_FILE_0}\"\n";
			showEnvVarsInLog = 0;
		};
		5DB8BBA6331F7DA943451BFB /* [CP] Check Pods Manifest.lock */ = {
			isa = PBXShellScriptBuildPhase;
			buildActionMask = 2147483647;
			files = (
			);
			inputFileListPaths = (
			);
			inputPaths = (
				"${PODS_PODFILE_DIR_PATH}/Podfile.lock",
				"${PODS_ROOT}/Manifest.lock",
			);
			name = "[CP] Check Pods Manifest.lock";
			outputFileListPaths = (
			);
			outputPaths = (
				"$(DERIVED_FILE_DIR)/Pods-YoChat-checkManifestLockResult.txt",
			);
			runOnlyForDeploymentPostprocessing = 0;
			shellPath = /bin/sh;
			shellScript = "diff \"${PODS_PODFILE_DIR_PATH}/Podfile.lock\" \"${PODS_ROOT}/Manifest.lock\" > /dev/null\nif [ $? != 0 ] ; then\n    # print error to STDERR\n    echo \"error: The sandbox is not in sync with the Podfile.lock. Run 'pod install' or update your CocoaPods installation.\" >&2\n    exit 1\nfi\n# This output is used by Xcode 'outputs' to avoid re-running this script phase.\necho \"SUCCESS\" > \"${SCRIPT_OUTPUT_FILE_0}\"\n";
			showEnvVarsInLog = 0;
		};
/* End PBXShellScriptBuildPhase section */

/* Begin PBXSourcesBuildPhase section */
		F36899ED24CC6C30009ECA9A /* Sources */ = {
			isa = PBXSourcesBuildPhase;
			buildActionMask = 2147483647;
			files = (
				F32710CA24CE3BA90048B07D /* EnrolmentViewModel.swift in Sources */,
				F3689A3A24CCE5C1009ECA9A /* Date+String.swift in Sources */,
				F3689A3224CCE2C4009ECA9A /* ChatItemTableViewCell.swift in Sources */,
				F3689A2324CC898A009ECA9A /* ChatContact.swift in Sources */,
				F3689A3C24CCE5C1009ECA9A /* UIApplication+RootView.swift in Sources */,
				F3689A4124CCEEFB009ECA9A /* AppContainer.swift in Sources */,
				F3689A1D24CC70AE009ECA9A /* ChatItem.swift in Sources */,
				F32710C524CE25CD0048B07D /* MessageView.swift in Sources */,
				F3689A3424CCE404009ECA9A /* ChatsViewModel.swift in Sources */,
				F32710CC24CEF3750048B07D /* EnrolmentViewController.swift in Sources */,
				F36899F924CC6C30009ECA9A /* ChatsViewController.swift in Sources */,
				F3689A3D24CCE5C1009ECA9A /* Decodable+Any.swift in Sources */,
				F36899F524CC6C30009ECA9A /* AppDelegate.swift in Sources */,
				F32710D024CF000C0048B07D /* KeyChainSecurity.swift in Sources */,
				F3689A4524CDF2B9009ECA9A /* KeyboardManagedViewController.swift in Sources */,
				F3689A2924CCC4AE009ECA9A /* MainTabNavigationController.swift in Sources */,
				F3689A1F24CC7AF8009ECA9A /* Chat.swift in Sources */,
				F3689A3024CCE261009ECA9A /* ChatItemImageTableViewCell.swift in Sources */,
				F3689A4324CDCF29009ECA9A /* TableView+BottomScroll.swift in Sources */,
				F3689A3B24CCE5C1009ECA9A /* Encodable+Any.swift in Sources */,
				F3689A2724CCC2E7009ECA9A /* LaunchViewController.swift in Sources */,
				F3689A2E24CCCC5F009ECA9A /* ChatTableViewCell.swift in Sources */,
				F3689A2B24CCC6B6009ECA9A /* ChatViewController.swift in Sources */,
				F32710C824CE3B100048B07D /* User.swift in Sources */,
				F36899F724CC6C30009ECA9A /* SceneDelegate.swift in Sources */,
				F32710CF24CF000C0048B07D /* BiometricAuth.swift in Sources */,
				F32710D224CF02130048B07D /* Data+AES.swift in Sources */,
				F3689A3F24CCE703009ECA9A /* Constants.swift in Sources */,
				F32710C624CE25CD0048B07D /* LoadingView.swift in Sources */,
			);
			runOnlyForDeploymentPostprocessing = 0;
		};
		F3689A0324CC6C35009ECA9A /* Sources */ = {
			isa = PBXSourcesBuildPhase;
			buildActionMask = 2147483647;
			files = (
				F3689A0C24CC6C35009ECA9A /* YoChatTests.swift in Sources */,
			);
			runOnlyForDeploymentPostprocessing = 0;
		};
/* End PBXSourcesBuildPhase section */

/* Begin PBXTargetDependency section */
		F3689A0924CC6C35009ECA9A /* PBXTargetDependency */ = {
			isa = PBXTargetDependency;
			target = F36899F024CC6C30009ECA9A /* YoChat */;
			targetProxy = F3689A0824CC6C35009ECA9A /* PBXContainerItemProxy */;
		};
/* End PBXTargetDependency section */

/* Begin PBXVariantGroup section */
		F36899FA24CC6C30009ECA9A /* Main.storyboard */ = {
			isa = PBXVariantGroup;
			children = (
				F36899FB24CC6C30009ECA9A /* Base */,
			);
			name = Main.storyboard;
			sourceTree = "<group>";
		};
		F36899FF24CC6C35009ECA9A /* LaunchScreen.storyboard */ = {
			isa = PBXVariantGroup;
			children = (
				F3689A0024CC6C35009ECA9A /* Base */,
			);
			name = LaunchScreen.storyboard;
			sourceTree = "<group>";
		};
/* End PBXVariantGroup section */

/* Begin XCBuildConfiguration section */
		F3689A0E24CC6C35009ECA9A /* Debug */ = {
			isa = XCBuildConfiguration;
			buildSettings = {
				ALWAYS_SEARCH_USER_PATHS = NO;
				CLANG_ANALYZER_NONNULL = YES;
				CLANG_ANALYZER_NUMBER_OBJECT_CONVERSION = YES_AGGRESSIVE;
				CLANG_CXX_LANGUAGE_STANDARD = "gnu++14";
				CLANG_CXX_LIBRARY = "libc++";
				CLANG_ENABLE_MODULES = YES;
				CLANG_ENABLE_OBJC_ARC = YES;
				CLANG_ENABLE_OBJC_WEAK = YES;
				CLANG_WARN_BLOCK_CAPTURE_AUTORELEASING = YES;
				CLANG_WARN_BOOL_CONVERSION = YES;
				CLANG_WARN_COMMA = YES;
				CLANG_WARN_CONSTANT_CONVERSION = YES;
				CLANG_WARN_DEPRECATED_OBJC_IMPLEMENTATIONS = YES;
				CLANG_WARN_DIRECT_OBJC_ISA_USAGE = YES_ERROR;
				CLANG_WARN_DOCUMENTATION_COMMENTS = YES;
				CLANG_WARN_EMPTY_BODY = YES;
				CLANG_WARN_ENUM_CONVERSION = YES;
				CLANG_WARN_INFINITE_RECURSION = YES;
				CLANG_WARN_INT_CONVERSION = YES;
				CLANG_WARN_NON_LITERAL_NULL_CONVERSION = YES;
				CLANG_WARN_OBJC_IMPLICIT_RETAIN_SELF = YES;
				CLANG_WARN_OBJC_LITERAL_CONVERSION = YES;
				CLANG_WARN_OBJC_ROOT_CLASS = YES_ERROR;
				CLANG_WARN_RANGE_LOOP_ANALYSIS = YES;
				CLANG_WARN_STRICT_PROTOTYPES = YES;
				CLANG_WARN_SUSPICIOUS_MOVE = YES;
				CLANG_WARN_UNGUARDED_AVAILABILITY = YES_AGGRESSIVE;
				CLANG_WARN_UNREACHABLE_CODE = YES;
				CLANG_WARN__DUPLICATE_METHOD_MATCH = YES;
				COPY_PHASE_STRIP = NO;
				DEBUG_INFORMATION_FORMAT = dwarf;
				ENABLE_STRICT_OBJC_MSGSEND = YES;
				ENABLE_TESTABILITY = YES;
				GCC_C_LANGUAGE_STANDARD = gnu11;
				GCC_DYNAMIC_NO_PIC = NO;
				GCC_NO_COMMON_BLOCKS = YES;
				GCC_OPTIMIZATION_LEVEL = 0;
				GCC_PREPROCESSOR_DEFINITIONS = (
					"DEBUG=1",
					"$(inherited)",
				);
				GCC_WARN_64_TO_32_BIT_CONVERSION = YES;
				GCC_WARN_ABOUT_RETURN_TYPE = YES_ERROR;
				GCC_WARN_UNDECLARED_SELECTOR = YES;
				GCC_WARN_UNINITIALIZED_AUTOS = YES_AGGRESSIVE;
				GCC_WARN_UNUSED_FUNCTION = YES;
				GCC_WARN_UNUSED_VARIABLE = YES;
				IPHONEOS_DEPLOYMENT_TARGET = 13.4;
				MTL_ENABLE_DEBUG_INFO = INCLUDE_SOURCE;
				MTL_FAST_MATH = YES;
				ONLY_ACTIVE_ARCH = YES;
				SDKROOT = iphoneos;
				SWIFT_ACTIVE_COMPILATION_CONDITIONS = DEBUG;
				SWIFT_OPTIMIZATION_LEVEL = "-Onone";
			};
			name = Debug;
		};
		F3689A0F24CC6C35009ECA9A /* Release */ = {
			isa = XCBuildConfiguration;
			buildSettings = {
				ALWAYS_SEARCH_USER_PATHS = NO;
				CLANG_ANALYZER_NONNULL = YES;
				CLANG_ANALYZER_NUMBER_OBJECT_CONVERSION = YES_AGGRESSIVE;
				CLANG_CXX_LANGUAGE_STANDARD = "gnu++14";
				CLANG_CXX_LIBRARY = "libc++";
				CLANG_ENABLE_MODULES = YES;
				CLANG_ENABLE_OBJC_ARC = YES;
				CLANG_ENABLE_OBJC_WEAK = YES;
				CLANG_WARN_BLOCK_CAPTURE_AUTORELEASING = YES;
				CLANG_WARN_BOOL_CONVERSION = YES;
				CLANG_WARN_COMMA = YES;
				CLANG_WARN_CONSTANT_CONVERSION = YES;
				CLANG_WARN_DEPRECATED_OBJC_IMPLEMENTATIONS = YES;
				CLANG_WARN_DIRECT_OBJC_ISA_USAGE = YES_ERROR;
				CLANG_WARN_DOCUMENTATION_COMMENTS = YES;
				CLANG_WARN_EMPTY_BODY = YES;
				CLANG_WARN_ENUM_CONVERSION = YES;
				CLANG_WARN_INFINITE_RECURSION = YES;
				CLANG_WARN_INT_CONVERSION = YES;
				CLANG_WARN_NON_LITERAL_NULL_CONVERSION = YES;
				CLANG_WARN_OBJC_IMPLICIT_RETAIN_SELF = YES;
				CLANG_WARN_OBJC_LITERAL_CONVERSION = YES;
				CLANG_WARN_OBJC_ROOT_CLASS = YES_ERROR;
				CLANG_WARN_RANGE_LOOP_ANALYSIS = YES;
				CLANG_WARN_STRICT_PROTOTYPES = YES;
				CLANG_WARN_SUSPICIOUS_MOVE = YES;
				CLANG_WARN_UNGUARDED_AVAILABILITY = YES_AGGRESSIVE;
				CLANG_WARN_UNREACHABLE_CODE = YES;
				CLANG_WARN__DUPLICATE_METHOD_MATCH = YES;
				COPY_PHASE_STRIP = NO;
				DEBUG_INFORMATION_FORMAT = "dwarf-with-dsym";
				ENABLE_NS_ASSERTIONS = NO;
				ENABLE_STRICT_OBJC_MSGSEND = YES;
				GCC_C_LANGUAGE_STANDARD = gnu11;
				GCC_NO_COMMON_BLOCKS = YES;
				GCC_WARN_64_TO_32_BIT_CONVERSION = YES;
				GCC_WARN_ABOUT_RETURN_TYPE = YES_ERROR;
				GCC_WARN_UNDECLARED_SELECTOR = YES;
				GCC_WARN_UNINITIALIZED_AUTOS = YES_AGGRESSIVE;
				GCC_WARN_UNUSED_FUNCTION = YES;
				GCC_WARN_UNUSED_VARIABLE = YES;
				IPHONEOS_DEPLOYMENT_TARGET = 13.4;
				MTL_ENABLE_DEBUG_INFO = NO;
				MTL_FAST_MATH = YES;
				SDKROOT = iphoneos;
				SWIFT_COMPILATION_MODE = wholemodule;
				SWIFT_OPTIMIZATION_LEVEL = "-O";
				VALIDATE_PRODUCT = YES;
			};
			name = Release;
		};
		F3689A1124CC6C35009ECA9A /* Debug */ = {
			isa = XCBuildConfiguration;
			baseConfigurationReference = 829E1FA9AF8C5AE5BB4640FE /* Pods-YoChat.debug.xcconfig */;
			buildSettings = {
				ASSETCATALOG_COMPILER_APPICON_NAME = AppIcon;
				CODE_SIGN_STYLE = Automatic;
				DEVELOPMENT_TEAM = 48DF9Q34LN;
				INFOPLIST_FILE = YoChat/Other/Info.plist;
				IPHONEOS_DEPLOYMENT_TARGET = 13.0;
				LD_RUNPATH_SEARCH_PATHS = (
					"$(inherited)",
					"@executable_path/Frameworks",
				);
				PRODUCT_BUNDLE_IDENTIFIER = com.xoliswa.YoChat;
				PRODUCT_NAME = "$(TARGET_NAME)";
				SWIFT_VERSION = 5.0;
				TARGETED_DEVICE_FAMILY = "1,2";
			};
			name = Debug;
		};
		F3689A1224CC6C35009ECA9A /* Release */ = {
			isa = XCBuildConfiguration;
			baseConfigurationReference = 7DEF9BF36387FA957E42B722 /* Pods-YoChat.release.xcconfig */;
			buildSettings = {
				ASSETCATALOG_COMPILER_APPICON_NAME = AppIcon;
				CODE_SIGN_STYLE = Automatic;
				DEVELOPMENT_TEAM = 48DF9Q34LN;
				INFOPLIST_FILE = YoChat/Other/Info.plist;
				IPHONEOS_DEPLOYMENT_TARGET = 13.0;
				LD_RUNPATH_SEARCH_PATHS = (
					"$(inherited)",
					"@executable_path/Frameworks",
				);
				PRODUCT_BUNDLE_IDENTIFIER = com.xoliswa.YoChat;
				PRODUCT_NAME = "$(TARGET_NAME)";
				SWIFT_VERSION = 5.0;
				TARGETED_DEVICE_FAMILY = "1,2";
			};
			name = Release;
		};
		F3689A1424CC6C35009ECA9A /* Debug */ = {
			isa = XCBuildConfiguration;
			baseConfigurationReference = 305AF59F2A183316F82E69FA /* Pods-YoChatTests.debug.xcconfig */;
			buildSettings = {
				ALWAYS_EMBED_SWIFT_STANDARD_LIBRARIES = YES;
				BUNDLE_LOADER = "$(TEST_HOST)";
				CODE_SIGN_STYLE = Automatic;
				DEVELOPMENT_TEAM = 48DF9Q34LN;
				INFOPLIST_FILE = YoChatTests/Info.plist;
				IPHONEOS_DEPLOYMENT_TARGET = 13.4;
				LD_RUNPATH_SEARCH_PATHS = (
					"$(inherited)",
					"@executable_path/Frameworks",
					"@loader_path/Frameworks",
				);
				PRODUCT_BUNDLE_IDENTIFIER = com.xoliswa.YoChatTests;
				PRODUCT_NAME = "$(TARGET_NAME)";
				SWIFT_VERSION = 5.0;
				TARGETED_DEVICE_FAMILY = "1,2";
				TEST_HOST = "$(BUILT_PRODUCTS_DIR)/YoChat.app/YoChat";
			};
			name = Debug;
		};
		F3689A1524CC6C35009ECA9A /* Release */ = {
			isa = XCBuildConfiguration;
			baseConfigurationReference = F84427995ACE874D9D6229AD /* Pods-YoChatTests.release.xcconfig */;
			buildSettings = {
				ALWAYS_EMBED_SWIFT_STANDARD_LIBRARIES = YES;
				BUNDLE_LOADER = "$(TEST_HOST)";
				CODE_SIGN_STYLE = Automatic;
				DEVELOPMENT_TEAM = 48DF9Q34LN;
				INFOPLIST_FILE = YoChatTests/Info.plist;
				IPHONEOS_DEPLOYMENT_TARGET = 13.4;
				LD_RUNPATH_SEARCH_PATHS = (
					"$(inherited)",
					"@executable_path/Frameworks",
					"@loader_path/Frameworks",
				);
				PRODUCT_BUNDLE_IDENTIFIER = com.xoliswa.YoChatTests;
				PRODUCT_NAME = "$(TARGET_NAME)";
				SWIFT_VERSION = 5.0;
				TARGETED_DEVICE_FAMILY = "1,2";
				TEST_HOST = "$(BUILT_PRODUCTS_DIR)/YoChat.app/YoChat";
			};
			name = Release;
		};
/* End XCBuildConfiguration section */

/* Begin XCConfigurationList section */
		F36899EC24CC6C30009ECA9A /* Build configuration list for PBXProject "YoChat" */ = {
			isa = XCConfigurationList;
			buildConfigurations = (
				F3689A0E24CC6C35009ECA9A /* Debug */,
				F3689A0F24CC6C35009ECA9A /* Release */,
			);
			defaultConfigurationIsVisible = 0;
			defaultConfigurationName = Release;
		};
		F3689A1024CC6C35009ECA9A /* Build configuration list for PBXNativeTarget "YoChat" */ = {
			isa = XCConfigurationList;
			buildConfigurations = (
				F3689A1124CC6C35009ECA9A /* Debug */,
				F3689A1224CC6C35009ECA9A /* Release */,
			);
			defaultConfigurationIsVisible = 0;
			defaultConfigurationName = Release;
		};
		F3689A1324CC6C35009ECA9A /* Build configuration list for PBXNativeTarget "YoChatTests" */ = {
			isa = XCConfigurationList;
			buildConfigurations = (
				F3689A1424CC6C35009ECA9A /* Debug */,
				F3689A1524CC6C35009ECA9A /* Release */,
			);
			defaultConfigurationIsVisible = 0;
			defaultConfigurationName = Release;
		};
/* End XCConfigurationList section */
	};
	rootObject = F36899E924CC6C30009ECA9A /* Project object */;
}
